// !$*UTF8*$!
{
	archiveVersion = 1;
	classes = {
	};
	objectVersion = 46;
	objects = {

/* Begin PBXBuildFile section */
		F7D16CBB1BA7F2BB00C18ACB /* main.c in Sources */ = {isa = PBXBuildFile; fileRef = F7D16CBA1BA7F2BB00C18ACB /* main.c */; };
/* End PBXBuildFile section */

/* Begin PBXCopyFilesBuildPhase section */
		F7D16CB51BA7F2BB00C18ACB /* CopyFiles */ = {
			isa = PBXCopyFilesBuildPhase;
			buildActionMask = 2147483647;
			dstPath = /usr/share/man/man1/;
			dstSubfolderSpec = 0;
			files = (
			);
			runOnlyForDeploymentPostprocessing = 1;
		};
/* End PBXCopyFilesBuildPhase section */

/* Begin PBXFileReference section */
		F7D16CB71BA7F2BB00C18ACB /* NALab1 */ = {isa = PBXFileReference; explicitFileType = "compiled.mach-o.executable"; includeInIndex = 0; path = NALab1; sourceTree = BUILT_PRODUCTS_DIR; };
		F7D16CBA1BA7F2BB00C18ACB /* main.c */ = {isa = PBXFileReference; lastKnownFileType = sourcecode.c.c; path = main.c; sourceTree = "<group>"; };
/* End PBXFileReference section */

/* Begin PBXFrameworksBuildPhase section */
		F7D16CB41BA7F2BB00C18ACB /* Frameworks */ = {
			isa = PBXFrameworksBuildPhase;
			buildActionMask = 2147483647;
			files = (
			);
			runOnlyForDeploymentPostprocessing = 0;
		};
/* End PBXFrameworksBuildPhase section */

/* Begin PBXGroup section */
		F7D16CAE1BA7F2BB00C18ACB = {
			isa = PBXGroup;
			children = (
				F7D16CB91BA7F2BB00C18ACB /* NALab1 */,
				F7D16CB81BA7F2BB00C18ACB /* Products */,
			);
			sourceTree = "<group>";
		};
		F7D16CB81BA7F2BB00C18ACB /* Products */ = {
			isa = PBXGroup;
			children = (
				F7D16CB71BA7F2BB00C18ACB /* NALab1 */,
			);
			name = Products;
			sourceTree = "<group>";
		};
		F7D16CB91BA7F2BB00C18ACB /* NALab1 */ = {
			isa = PBXGroup;
			children = (
				F7D16CBA1BA7F2BB00C18ACB /* main.c */,
			);
			path = NALab1;
			sourceTree = "<group>";
		};
/* End PBXGroup section */

/* Begin PBXNativeTarget section */
		F7D16CB61BA7F2BB00C18ACB /* NALab1 */ = {
			isa = PBXNativeTarget;
			buildConfigurationList = F7D16CBE1BA7F2BB00C18ACB /* Build configuration list for PBXNativeTarget "NALab1" */;
			buildPhases = (
				F7D16CB31BA7F2BB00C18ACB /* Sources */,
				F7D16CB41BA7F2BB00C18ACB /* Frameworks */,
				F7D16CB51BA7F2BB00C18ACB /* CopyFiles */,
			);
			buildRules = (
			);
			dependencies = (
			);
			name = NALab1;
			productName = NALab1;
			productReference = F7D16CB71BA7F2BB00C18ACB /* NALab1 */;
			productType = "com.apple.product-type.tool";
		};
/* End PBXNativeTarget section */

/* Begin PBXProject section */
		F7D16CAF1BA7F2BB00C18ACB /* Project object */ = {
			isa = PBXProject;
			attributes = {
				LastUpgradeCheck = 0640;
				ORGANIZATIONNAME = mszqj;
				TargetAttributes = {
					F7D16CB61BA7F2BB00C18ACB = {
						CreatedOnToolsVersion = 6.4;
					};
				};
			};
			buildConfigurationList = F7D16CB21BA7F2BB00C18ACB /* Build configuration list for PBXProject "NALab1" */;
			compatibilityVersion = "Xcode 3.2";
			developmentRegion = English;
			hasScannedForEncodings = 0;
			knownRegions = (
				en,
			);
			mainGroup = F7D16CAE1BA7F2BB00C18ACB;
			productRefGroup = F7D16CB81BA7F2BB00C18ACB /* Products */;
			projectDirPath = "";
			projectRoot = "";
			targets = (
				F7D16CB61BA7F2BB00C18ACB /* NALab1 */,
			);
		};
/* End PBXProject section */

/* Begin PBXSourcesBuildPhase section */
		F7D16CB31BA7F2BB00C18ACB /* Sources */ = {
			isa = PBXSourcesBuildPhase;
			buildActionMask = 2147483647;
			files = (
				F7D16CBB1BA7F2BB00C18ACB /* main.c in Sources */,
			);
			runOnlyForDeploymentPostprocessing = 0;
		};
/* End PBXSourcesBuildPhase section */

/* Begin XCBuildConfiguration section */
		F7D16CBC1BA7F2BB00C18ACB /* Debug */ = {
			isa = XCBuildConfiguration;
			buildSettings = {
				ALWAYS_SEARCH_USER_PATHS = NO;
				CLANG_CXX_LANGUAGE_STANDARD = "gnu++0x";
				CLANG_CXX_LIBRARY = "libc++";
				CLANG_ENABLE_MODULES = YES;
				CLANG_ENABLE_OBJC_ARC = YES;
				CLANG_WARN_BOOL_CONVERSION = YES;
				CLANG_WARN_CONSTANT_CONVERSION = YES;
				CLANG_WARN_DIRECT_OBJC_ISA_USAGE = YES_ERROR;
				CLANG_WARN_EMPTY_BODY = YES;
				CLANG_WARN_ENUM_CONVERSION = YES;
				CLANG_WARN_INT_CONVERSION = YES;
				CLANG_WARN_OBJC_ROOT_CLASS = YES_ERROR;
				CLANG_WARN_UNREACHABLE_CODE = YES;
				CLANG_WARN__DUPLICATE_METHOD_MATCH = YES;
				COPY_PHASE_STRIP = NO;
				DEBUG_INFORMATION_FORMAT = dwarf;
				ENABLE_STRICT_OBJC_MSGSEND = YES;
				GCC_C_LANGUAGE_STANDARD = gnu99;
				GCC_DYNAMIC_NO_PIC = NO;
				GCC_NO_COMMON_BLOCKS = YES;
				GCC_OPTIMIZATION_LEVEL = 0;
				GCC_PREPROCESSOR_DEFINITIONS = (
					"DEBUG=1",
					"$(inherited)",
				);
				GCC_SYMBOLS_PRIVATE_EXTERN = NO;
				GCC_WARN_64_TO_32_BIT_CONVERSION = YES;
				GCC_WARN_ABOUT_RETURN_TYPE = YES_ERROR;
				GCC_WARN_UNDECLARED_SELECTOR = YES;
				GCC_WARN_UNINITIALIZED_AUTOS = YES_AGGRESSIVE;
				GCC_WARN_UNUSED_FUNCTION = YES;
				GCC_WARN_UNUSED_VARIABLE = YES;
				MACOSX_DEPLOYMENT_TARGET = 10.10;
				MTL_ENABLE_DEBUG_INFO = YES;
				ONLY_ACTIVE_ARCH = YES;
				SDKROOT = macosx;
			};
			name = Debug;
		};
		F7D16CBD1BA7F2BB00C18ACB /* Release */ = {
			isa = XCBuildConfiguration;
			buildSettings = {
				ALWAYS_SEARCH_USER_PATHS = NO;
				CLANG_CXX_LANGUAGE_STANDARD = "gnu++0x";
				CLANG_CXX_LIBRARY = "libc++";
				CLANG_ENABLE_MODULES = YES;
				CLANG_ENABLE_OBJC_ARC = YES;
				CLANG_WARN_BOOL_CONVERSION = YES;
				CLANG_WARN_CONSTANT_CONVERSION = YES;
				CLANG_WARN_DIRECT_OBJC_ISA_USAGE = YES_ERROR;
				CLANG_WARN_EMPTY_BODY = YES;
				CLANG_WARN_ENUM_CONVERSION = YES;
				CLANG_WARN_INT_CONVERSION = YES;
				CLANG_WARN_OBJC_ROOT_CLASS = YES_ERROR;
				CLANG_WARN_UNREACHABLE_CODE = YES;
				CLANG_WARN__DUPLICATE_METHOD_MATCH = YES;
				COPY_PHASE_STRIP = NO;
				DEBUG_INFORMATION_FORMAT = "dwarf-with-dsym";
				ENABLE_NS_ASSERTIONS = NO;
				ENABLE_STRICT_OBJC_MSGSEND = YES;
				GCC_C_LANGUAGE_STANDARD = gnu99;
				GCC_NO_COMMON_BLOCKS = YES;
				GCC_WARN_64_TO_32_BIT_CONVERSION = YES;
				GCC_WARN_ABOUT_RETURN_TYPE = YES_ERROR;
				GCC_WARN_UNDECLARED_SELECTOR = YES;
				GCC_WARN_UNINITIALIZED_AUTOS = YES_AGGRESSIVE;
				GCC_WARN_UNUSED_FUNCTION = YES;
				GCC_WARN_UNUSED_VARIABLE = YES;
				MACOSX_DEPLOYMENT_TARGET = 10.10;
				MTL_ENABLE_DEBUG_INFO = NO;
				SDKROOT = macosx;
			};
			name = Release;
		};
		F7D16CBF1BA7F2BB00C18ACB /* Debug */ = {
			isa = XCBuildConfiguration;
			buildSettings = {
				PRODUCT_NAME = "$(TARGET_NAME)";
			};
			name = Debug;
		};
		F7D16CC01BA7F2BB00C18ACB /* Release */ = {
			isa = XCBuildConfiguration;
			buildSettings = {
				PRODUCT_NAME = "$(TARGET_NAME)";
			};
			name = Release;
		};
/* End XCBuildConfiguration section */

/* Begin XCConfigurationList section */
		F7D16CB21BA7F2BB00C18ACB /* Build configuration list for PBXProject "NALab1" */ = {
			isa = XCConfigurationList;
			buildConfigurations = (
				F7D16CBC1BA7F2BB00C18ACB /* Debug */,
				F7D16CBD1BA7F2BB00C18ACB /* Release */,
			);
			defaultConfigurationIsVisible = 0;
			defaultConfigurationName = Release;
		};
		F7D16CBE1BA7F2BB00C18ACB /* Build configuration list for PBXNativeTarget "NALab1" */ = {
			isa = XCConfigurationList;
			buildConfigurations = (
				F7D16CBF1BA7F2BB00C18ACB /* Debug */,
				F7D16CC01BA7F2BB00C18ACB /* Release */,
			);
			defaultConfigurationIsVisible = 0;
		};
/* End XCConfigurationList section */
	};
	rootObject = F7D16CAF1BA7F2BB00C18ACB /* Project object */;
}
